
Microsoft Visual Studio Solution File, Format Version 12.00
# Visual Studio Version 17
VisualStudioVersion = 17.12.35527.113
MinimumVisualStudioVersion = 10.0.40219.1
Project("{2150E333-8FDC-42A3-9474-1A3956D46DE8}") = "Bootstrapper", "Bootstrapper", "{4CB11665-0B1B-4651-87A2-B0585036FAF6}"
EndProject
Project("{2150E333-8FDC-42A3-9474-1A3956D46DE8}") = "Modules", "Modules", "{6EDD810D-4068-40DA-BE61-FC73ED81F63B}"
EndProject
Project("{2150E333-8FDC-42A3-9474-1A3956D46DE8}") = "Shared", "Shared", "{D2A50A1A-E090-44C4-87A1-CC54823003A5}"
EndProject
Project("{FAE04EC0-301F-11D3-BF4B-00C04F79EFBC}") = "Api", "Bootstrapper\Api\Api.csproj", "{26274AA6-44F0-4040-BF8F-AB080867AA10}"
EndProject
Project("{2150E333-8FDC-42A3-9474-1A3956D46DE8}") = "Basket", "Basket", "{1C0F11D3-0879-49B2-8E15-2EC97A8F3609}"
EndProject
Project("{2150E333-8FDC-42A3-9474-1A3956D46DE8}") = "Catalog", "Catalog", "{D8CD65D0-2C4A-47E4-AD09-16B582F60284}"
EndProject
Project("{2150E333-8FDC-42A3-9474-1A3956D46DE8}") = "Ordering", "Ordering", "{21A97F8B-FA6D-40D4-B4B2-05E16C0BAB81}"
EndProject
Project("{FAE04EC0-301F-11D3-BF4B-00C04F79EFBC}") = "Catalog", "Modules\Catalog\Catalog\Catalog.csproj", "{0305F10D-7C39-4D1B-822F-1CA6726D901E}"
EndProject
Project("{FAE04EC0-301F-11D3-BF4B-00C04F79EFBC}") = "Basket", "Modules\Basket\Basket\Basket.csproj", "{1512AA91-FECF-4147-B9AC-22426D5E78F0}"
EndProject
Project("{FAE04EC0-301F-11D3-BF4B-00C04F79EFBC}") = "Ordering", "Modules\Ordering\Ordering\Ordering.csproj", "{A5CAA3A3-0FBA-4C9C-BE9A-23F1FAD34F91}"
EndProject
Project("{FAE04EC0-301F-11D3-BF4B-00C04F79EFBC}") = "Shared", "Shared\Shared\Shared.csproj", "{D003ED97-90BC-4A71-956C-B97D3BEBD422}"
EndProject
Global
	GlobalSection(SolutionConfigurationPlatforms) = preSolution
		Debug|Any CPU = Debug|Any CPU
		Release|Any CPU = Release|Any CPU
	EndGlobalSection
	GlobalSection(ProjectConfigurationPlatforms) = postSolution
		{26274AA6-44F0-4040-BF8F-AB080867AA10}.Debug|Any CPU.ActiveCfg = Debug|Any CPU
		{26274AA6-44F0-4040-BF8F-AB080867AA10}.Debug|Any CPU.Build.0 = Debug|Any CPU
		{26274AA6-44F0-4040-BF8F-AB080867AA10}.Release|Any CPU.ActiveCfg = Release|Any CPU
		{26274AA6-44F0-4040-BF8F-AB080867AA10}.Release|Any CPU.Build.0 = Release|Any CPU
		{0305F10D-7C39-4D1B-822F-1CA6726D901E}.Debug|Any CPU.ActiveCfg = Debug|Any CPU
		{0305F10D-7C39-4D1B-822F-1CA6726D901E}.Debug|Any CPU.Build.0 = Debug|Any CPU
		{0305F10D-7C39-4D1B-822F-1CA6726D901E}.Release|Any CPU.ActiveCfg = Release|Any CPU
		{0305F10D-7C39-4D1B-822F-1CA6726D901E}.Release|Any CPU.Build.0 = Release|Any CPU
		{1512AA91-FECF-4147-B9AC-22426D5E78F0}.Debug|Any CPU.ActiveCfg = Debug|Any CPU
		{1512AA91-FECF-4147-B9AC-22426D5E78F0}.Debug|Any CPU.Build.0 = Debug|Any CPU
		{1512AA91-FECF-4147-B9AC-22426D5E78F0}.Release|Any CPU.ActiveCfg = Release|Any CPU
		{1512AA91-FECF-4147-B9AC-22426D5E78F0}.Release|Any CPU.Build.0 = Release|Any CPU
		{A5CAA3A3-0FBA-4C9C-BE9A-23F1FAD34F91}.Debug|Any CPU.ActiveCfg = Debug|Any CPU
		{A5CAA3A3-0FBA-4C9C-BE9A-23F1FAD34F91}.Debug|Any CPU.Build.0 = Debug|Any CPU
		{A5CAA3A3-0FBA-4C9C-BE9A-23F1FAD34F91}.Release|Any CPU.ActiveCfg = Release|Any CPU
		{A5CAA3A3-0FBA-4C9C-BE9A-23F1FAD34F91}.Release|Any CPU.Build.0 = Release|Any CPU
		{D003ED97-90BC-4A71-956C-B97D3BEBD422}.Debug|Any CPU.ActiveCfg = Debug|Any CPU
		{D003ED97-90BC-4A71-956C-B97D3BEBD422}.Debug|Any CPU.Build.0 = Debug|Any CPU
		{D003ED97-90BC-4A71-956C-B97D3BEBD422}.Release|Any CPU.ActiveCfg = Release|Any CPU
		{D003ED97-90BC-4A71-956C-B97D3BEBD422}.Release|Any CPU.Build.0 = Release|Any CPU
	EndGlobalSection
	GlobalSection(SolutionProperties) = preSolution
		HideSolutionNode = FALSE
	EndGlobalSection
	GlobalSection(NestedProjects) = preSolution
		{26274AA6-44F0-4040-BF8F-AB080867AA10} = {4CB11665-0B1B-4651-87A2-B0585036FAF6}
		{1C0F11D3-0879-49B2-8E15-2EC97A8F3609} = {6EDD810D-4068-40DA-BE61-FC73ED81F63B}
		{D8CD65D0-2C4A-47E4-AD09-16B582F60284} = {6EDD810D-4068-40DA-BE61-FC73ED81F63B}
		{21A97F8B-FA6D-40D4-B4B2-05E16C0BAB81} = {6EDD810D-4068-40DA-BE61-FC73ED81F63B}
		{0305F10D-7C39-4D1B-822F-1CA6726D901E} = {D8CD65D0-2C4A-47E4-AD09-16B582F60284}
		{1512AA91-FECF-4147-B9AC-22426D5E78F0} = {1C0F11D3-0879-49B2-8E15-2EC97A8F3609}
		{A5CAA3A3-0FBA-4C9C-BE9A-23F1FAD34F91} = {21A97F8B-FA6D-40D4-B4B2-05E16C0BAB81}
		{D003ED97-90BC-4A71-956C-B97D3BEBD422} = {D2A50A1A-E090-44C4-87A1-CC54823003A5}
	EndGlobalSection
EndGlobal
